
Microsoft Visual Studio Solution File, Format Version 12.00
# Visual Studio Version 17
VisualStudioVersion = 17.11.35219.272
MinimumVisualStudioVersion = 10.0.40219.1
Project("{9A19103F-16F7-4668-BE54-9A1E7A4F7556}") = "MarianelaVeras_Ap1_P1", "MarianelaVeras_Ap1_P1.csproj", "{56395290-759D-43F8-B251-199C96420660}"
EndProject
Global
	GlobalSection(SolutionConfigurationPlatforms) = preSolution
		Debug|Any CPU = Debug|Any CPU
		Release|Any CPU = Release|Any CPU
	EndGlobalSection
	GlobalSection(ProjectConfigurationPlatforms) = postSolution
		{56395290-759D-43F8-B251-199C96420660}.Debug|Any CPU.ActiveCfg = Debug|Any CPU
		{56395290-759D-43F8-B251-199C96420660}.Debug|Any CPU.Build.0 = Debug|Any CPU
		{56395290-759D-43F8-B251-199C96420660}.Release|Any CPU.ActiveCfg = Release|Any CPU
		{56395290-759D-43F8-B251-199C96420660}.Release|Any CPU.Build.0 = Release|Any CPU
	EndGlobalSection
	GlobalSection(SolutionProperties) = preSolution
		HideSolutionNode = FALSE
	EndGlobalSection
	GlobalSection(ExtensibilityGlobals) = postSolution
		SolutionGuid = {C1131FCA-87B4-44DD-8671-3C50AA9870D2}
	EndGlobalSection
EndGlobal
